
Microsoft Visual Studio Solution File, Format Version 12.00
# Visual Studio Version 16
VisualStudioVersion = 16.0.28803.452
MinimumVisualStudioVersion = 10.0.40219.1
Project("{FAE04EC0-301F-11D3-BF4B-00C04F79EFBC}") = "Employees", "Employees.csproj", "{E3FAE9FF-DDA2-496A-B374-AF6B85262117}"
EndProject
Global
	GlobalSection(SolutionConfigurationPlatforms) = preSolution
		Debug|Any CPU = Debug|Any CPU
		Release|Any CPU = Release|Any CPU
	EndGlobalSection
	GlobalSection(ProjectConfigurationPlatforms) = postSolution
		{E3FAE9FF-DDA2-496A-B374-AF6B85262117}.Debug|Any CPU.ActiveCfg = Debug|Any CPU
		{E3FAE9FF-DDA2-496A-B374-AF6B85262117}.Debug|Any CPU.Build.0 = Debug|Any CPU
		{E3FAE9FF-DDA2-496A-B374-AF6B85262117}.Release|Any CPU.ActiveCfg = Release|Any CPU
		{E3FAE9FF-DDA2-496A-B374-AF6B85262117}.Release|Any CPU.Build.0 = Release|Any CPU
	EndGlobalSection
	GlobalSection(SolutionProperties) = preSolution
		HideSolutionNode = FALSE
	EndGlobalSection
	GlobalSection(ExtensibilityGlobals) = postSolution
		SolutionGuid = {1E35DB8A-3DB9-4AD7-A602-EDB4038E635B}
	EndGlobalSection
EndGlobal
